
Microsoft Visual Studio Solution File, Format Version 12.00
# Visual Studio Version 17
VisualStudioVersion = 17.11.35327.3
MinimumVisualStudioVersion = 10.0.40219.1
Project("{9A19103F-16F7-4668-BE54-9A1E7A4F7556}") = "auth-service", "auth-service\auth-service.csproj", "{1639C2CC-F9FA-4E0E-8E42-488A5C04AAAE}"
EndProject
Project("{2150E333-8FDC-42A3-9474-1A3956D46DE8}") = "Solution Items", "Solution Items", "{88444DAE-979B-4FCC-9EE1-3FC2497FD341}"
EndProject
Project("{E53339B2-1760-4266-BCC7-CA923CBCF16C}") = "docker-compose", "docker-compose.dcproj", "{D344CC35-D135-44EA-BC88-80D5D56BF369}"
EndProject
Project("{9A19103F-16F7-4668-BE54-9A1E7A4F7556}") = "user-service", "user-service\user-service.csproj", "{8893AE30-1222-47EC-8932-D82ACF6AA319}"
EndProject
Project("{9A19103F-16F7-4668-BE54-9A1E7A4F7556}") = "device-service", "device-service\device-service.csproj", "{DFF37006-A949-47AC-9CDC-213E0489B381}"
EndProject
Project("{2150E333-8FDC-42A3-9474-1A3956D46DE8}") = "traefik", "traefik", "{683A7AD2-E2D2-4AA5-B898-8C4A8095FAD6}"
	ProjectSection(SolutionItems) = preProject
		traefik\dynamic_conf.yml = traefik\dynamic_conf.yml
		traefik\traefik.yml = traefik\traefik.yml
	EndProjectSection
EndProject
Project("{9A19103F-16F7-4668-BE54-9A1E7A4F7556}") = "monitoring-service", "monitoring-service\monitoring-service.csproj", "{A2A0FF8B-E679-4AC9-B9E8-CADB54D675EB}"
EndProject
Project("{9A19103F-16F7-4668-BE54-9A1E7A4F7556}") = "Shared.Events", "Shared.Events\Shared.Events.csproj", "{C052216F-22B4-4B05-8A0A-F02A7F3504C7}"
EndProject
Project("{9A19103F-16F7-4668-BE54-9A1E7A4F7556}") = "simulator-service", "simulator-service\simulator-service.csproj", "{C4593744-B45A-40CA-86D7-23D3D3C02D6C}"
EndProject
Project("{FAE04EC0-301F-11D3-BF4B-00C04F79EFBC}") = "websocket-service", "websocket-service\websocket-service.csproj", "{64BABFF7-47E7-45C8-8242-AEEA69A16030}"
EndProject
Project("{FAE04EC0-301F-11D3-BF4B-00C04F79EFBC}") = "customer-support-service", "customer-support-service\customer-support-service.csproj", "{AC38F5C0-5970-4D09-BCFF-D6A57CDB041E}"
EndProject
Global
	GlobalSection(SolutionConfigurationPlatforms) = preSolution
		Debug|Any CPU = Debug|Any CPU
		Debug|x64 = Debug|x64
		Debug|x86 = Debug|x86
		Release|Any CPU = Release|Any CPU
		Release|x64 = Release|x64
		Release|x86 = Release|x86
	EndGlobalSection
	GlobalSection(ProjectConfigurationPlatforms) = postSolution
		{1639C2CC-F9FA-4E0E-8E42-488A5C04AAAE}.Debug|Any CPU.ActiveCfg = Debug|Any CPU
		{1639C2CC-F9FA-4E0E-8E42-488A5C04AAAE}.Debug|Any CPU.Build.0 = Debug|Any CPU
		{1639C2CC-F9FA-4E0E-8E42-488A5C04AAAE}.Debug|x64.ActiveCfg = Debug|Any CPU
		{1639C2CC-F9FA-4E0E-8E42-488A5C04AAAE}.Debug|x64.Build.0 = Debug|Any CPU
		{1639C2CC-F9FA-4E0E-8E42-488A5C04AAAE}.Debug|x86.ActiveCfg = Debug|Any CPU
		{1639C2CC-F9FA-4E0E-8E42-488A5C04AAAE}.Debug|x86.Build.0 = Debug|Any CPU
		{1639C2CC-F9FA-4E0E-8E42-488A5C04AAAE}.Release|Any CPU.ActiveCfg = Release|Any CPU
		{1639C2CC-F9FA-4E0E-8E42-488A5C04AAAE}.Release|Any CPU.Build.0 = Release|Any CPU
		{1639C2CC-F9FA-4E0E-8E42-488A5C04AAAE}.Release|x64.ActiveCfg = Release|Any CPU
		{1639C2CC-F9FA-4E0E-8E42-488A5C04AAAE}.Release|x64.Build.0 = Release|Any CPU
		{1639C2CC-F9FA-4E0E-8E42-488A5C04AAAE}.Release|x86.ActiveCfg = Release|Any CPU
		{1639C2CC-F9FA-4E0E-8E42-488A5C04AAAE}.Release|x86.Build.0 = Release|Any CPU
		{D344CC35-D135-44EA-BC88-80D5D56BF369}.Debug|Any CPU.ActiveCfg = Debug|Any CPU
		{D344CC35-D135-44EA-BC88-80D5D56BF369}.Debug|Any CPU.Build.0 = Debug|Any CPU
		{D344CC35-D135-44EA-BC88-80D5D56BF369}.Debug|x64.ActiveCfg = Debug|x64
		{D344CC35-D135-44EA-BC88-80D5D56BF369}.Debug|x86.ActiveCfg = Debug|x86
		{D344CC35-D135-44EA-BC88-80D5D56BF369}.Release|Any CPU.ActiveCfg = Release|Any CPU
		{D344CC35-D135-44EA-BC88-80D5D56BF369}.Release|Any CPU.Build.0 = Release|Any CPU
		{D344CC35-D135-44EA-BC88-80D5D56BF369}.Release|x64.ActiveCfg = Release|x64
		{D344CC35-D135-44EA-BC88-80D5D56BF369}.Release|x86.ActiveCfg = Release|x86
		{8893AE30-1222-47EC-8932-D82ACF6AA319}.Debug|Any CPU.ActiveCfg = Debug|Any CPU
		{8893AE30-1222-47EC-8932-D82ACF6AA319}.Debug|Any CPU.Build.0 = Debug|Any CPU
		{8893AE30-1222-47EC-8932-D82ACF6AA319}.Debug|x64.ActiveCfg = Debug|Any CPU
		{8893AE30-1222-47EC-8932-D82ACF6AA319}.Debug|x64.Build.0 = Debug|Any CPU
		{8893AE30-1222-47EC-8932-D82ACF6AA319}.Debug|x86.ActiveCfg = Debug|Any CPU
		{8893AE30-1222-47EC-8932-D82ACF6AA319}.Debug|x86.Build.0 = Debug|Any CPU
		{8893AE30-1222-47EC-8932-D82ACF6AA319}.Release|Any CPU.ActiveCfg = Release|Any CPU
		{8893AE30-1222-47EC-8932-D82ACF6AA319}.Release|Any CPU.Build.0 = Release|Any CPU
		{8893AE30-1222-47EC-8932-D82ACF6AA319}.Release|x64.ActiveCfg = Release|Any CPU
		{8893AE30-1222-47EC-8932-D82ACF6AA319}.Release|x64.Build.0 = Release|Any CPU
		{8893AE30-1222-47EC-8932-D82ACF6AA319}.Release|x86.ActiveCfg = Release|Any CPU
		{8893AE30-1222-47EC-8932-D82ACF6AA319}.Release|x86.Build.0 = Release|Any CPU
		{DFF37006-A949-47AC-9CDC-213E0489B381}.Debug|Any CPU.ActiveCfg = Debug|Any CPU
		{DFF37006-A949-47AC-9CDC-213E0489B381}.Debug|Any CPU.Build.0 = Debug|Any CPU
		{DFF37006-A949-47AC-9CDC-213E0489B381}.Debug|x64.ActiveCfg = Debug|Any CPU
		{DFF37006-A949-47AC-9CDC-213E0489B381}.Debug|x64.Build.0 = Debug|Any CPU
		{DFF37006-A949-47AC-9CDC-213E0489B381}.Debug|x86.ActiveCfg = Debug|Any CPU
		{DFF37006-A949-47AC-9CDC-213E0489B381}.Debug|x86.Build.0 = Debug|Any CPU
		{DFF37006-A949-47AC-9CDC-213E0489B381}.Release|Any CPU.ActiveCfg = Release|Any CPU
		{DFF37006-A949-47AC-9CDC-213E0489B381}.Release|Any CPU.Build.0 = Release|Any CPU
		{DFF37006-A949-47AC-9CDC-213E0489B381}.Release|x64.ActiveCfg = Release|Any CPU
		{DFF37006-A949-47AC-9CDC-213E0489B381}.Release|x64.Build.0 = Release|Any CPU
		{DFF37006-A949-47AC-9CDC-213E0489B381}.Release|x86.ActiveCfg = Release|Any CPU
		{DFF37006-A949-47AC-9CDC-213E0489B381}.Release|x86.Build.0 = Release|Any CPU
		{A2A0FF8B-E679-4AC9-B9E8-CADB54D675EB}.Debug|Any CPU.ActiveCfg = Debug|Any CPU
		{A2A0FF8B-E679-4AC9-B9E8-CADB54D675EB}.Debug|Any CPU.Build.0 = Debug|Any CPU
		{A2A0FF8B-E679-4AC9-B9E8-CADB54D675EB}.Debug|x64.ActiveCfg = Debug|Any CPU
		{A2A0FF8B-E679-4AC9-B9E8-CADB54D675EB}.Debug|x64.Build.0 = Debug|Any CPU
		{A2A0FF8B-E679-4AC9-B9E8-CADB54D675EB}.Debug|x86.ActiveCfg = Debug|Any CPU
		{A2A0FF8B-E679-4AC9-B9E8-CADB54D675EB}.Debug|x86.Build.0 = Debug|Any CPU
		{A2A0FF8B-E679-4AC9-B9E8-CADB54D675EB}.Release|Any CPU.ActiveCfg = Release|Any CPU
		{A2A0FF8B-E679-4AC9-B9E8-CADB54D675EB}.Release|Any CPU.Build.0 = Release|Any CPU
		{A2A0FF8B-E679-4AC9-B9E8-CADB54D675EB}.Release|x64.ActiveCfg = Release|Any CPU
		{A2A0FF8B-E679-4AC9-B9E8-CADB54D675EB}.Release|x64.Build.0 = Release|Any CPU
		{A2A0FF8B-E679-4AC9-B9E8-CADB54D675EB}.Release|x86.ActiveCfg = Release|Any CPU
		{A2A0FF8B-E679-4AC9-B9E8-CADB54D675EB}.Release|x86.Build.0 = Release|Any CPU
		{C052216F-22B4-4B05-8A0A-F02A7F3504C7}.Debug|Any CPU.ActiveCfg = Debug|Any CPU
		{C052216F-22B4-4B05-8A0A-F02A7F3504C7}.Debug|Any CPU.Build.0 = Debug|Any CPU
		{C052216F-22B4-4B05-8A0A-F02A7F3504C7}.Debug|x64.ActiveCfg = Debug|Any CPU
		{C052216F-22B4-4B05-8A0A-F02A7F3504C7}.Debug|x64.Build.0 = Debug|Any CPU
		{C052216F-22B4-4B05-8A0A-F02A7F3504C7}.Debug|x86.ActiveCfg = Debug|Any CPU
		{C052216F-22B4-4B05-8A0A-F02A7F3504C7}.Debug|x86.Build.0 = Debug|Any CPU
		{C052216F-22B4-4B05-8A0A-F02A7F3504C7}.Release|Any CPU.ActiveCfg = Release|Any CPU
		{C052216F-22B4-4B05-8A0A-F02A7F3504C7}.Release|Any CPU.Build.0 = Release|Any CPU
		{C052216F-22B4-4B05-8A0A-F02A7F3504C7}.Release|x64.ActiveCfg = Release|Any CPU
		{C052216F-22B4-4B05-8A0A-F02A7F3504C7}.Release|x64.Build.0 = Release|Any CPU
		{C052216F-22B4-4B05-8A0A-F02A7F3504C7}.Release|x86.ActiveCfg = Release|Any CPU
		{C052216F-22B4-4B05-8A0A-F02A7F3504C7}.Release|x86.Build.0 = Release|Any CPU
		{C4593744-B45A-40CA-86D7-23D3D3C02D6C}.Debug|Any CPU.ActiveCfg = Debug|Any CPU
		{C4593744-B45A-40CA-86D7-23D3D3C02D6C}.Debug|Any CPU.Build.0 = Debug|Any CPU
		{C4593744-B45A-40CA-86D7-23D3D3C02D6C}.Debug|x64.ActiveCfg = Debug|Any CPU
		{C4593744-B45A-40CA-86D7-23D3D3C02D6C}.Debug|x64.Build.0 = Debug|Any CPU
		{C4593744-B45A-40CA-86D7-23D3D3C02D6C}.Debug|x86.ActiveCfg = Debug|Any CPU
		{C4593744-B45A-40CA-86D7-23D3D3C02D6C}.Debug|x86.Build.0 = Debug|Any CPU
		{C4593744-B45A-40CA-86D7-23D3D3C02D6C}.Release|Any CPU.ActiveCfg = Release|Any CPU
		{C4593744-B45A-40CA-86D7-23D3D3C02D6C}.Release|Any CPU.Build.0 = Release|Any CPU
		{C4593744-B45A-40CA-86D7-23D3D3C02D6C}.Release|x64.ActiveCfg = Release|Any CPU
		{C4593744-B45A-40CA-86D7-23D3D3C02D6C}.Release|x64.Build.0 = Release|Any CPU
		{C4593744-B45A-40CA-86D7-23D3D3C02D6C}.Release|x86.ActiveCfg = Release|Any CPU
		{C4593744-B45A-40CA-86D7-23D3D3C02D6C}.Release|x86.Build.0 = Release|Any CPU
		{64BABFF7-47E7-45C8-8242-AEEA69A16030}.Debug|Any CPU.ActiveCfg = Debug|Any CPU
		{64BABFF7-47E7-45C8-8242-AEEA69A16030}.Debug|Any CPU.Build.0 = Debug|Any CPU
		{64BABFF7-47E7-45C8-8242-AEEA69A16030}.Debug|x64.ActiveCfg = Debug|Any CPU
		{64BABFF7-47E7-45C8-8242-AEEA69A16030}.Debug|x64.Build.0 = Debug|Any CPU
		{64BABFF7-47E7-45C8-8242-AEEA69A16030}.Debug|x86.ActiveCfg = Debug|Any CPU
		{64BABFF7-47E7-45C8-8242-AEEA69A16030}.Debug|x86.Build.0 = Debug|Any CPU
		{64BABFF7-47E7-45C8-8242-AEEA69A16030}.Release|Any CPU.ActiveCfg = Release|Any CPU
		{64BABFF7-47E7-45C8-8242-AEEA69A16030}.Release|Any CPU.Build.0 = Release|Any CPU
		{64BABFF7-47E7-45C8-8242-AEEA69A16030}.Release|x64.ActiveCfg = Release|Any CPU
		{64BABFF7-47E7-45C8-8242-AEEA69A16030}.Release|x64.Build.0 = Release|Any CPU
		{64BABFF7-47E7-45C8-8242-AEEA69A16030}.Release|x86.ActiveCfg = Release|Any CPU
		{64BABFF7-47E7-45C8-8242-AEEA69A16030}.Release|x86.Build.0 = Release|Any CPU
		{AC38F5C0-5970-4D09-BCFF-D6A57CDB041E}.Debug|Any CPU.ActiveCfg = Debug|Any CPU
		{AC38F5C0-5970-4D09-BCFF-D6A57CDB041E}.Debug|Any CPU.Build.0 = Debug|Any CPU
		{AC38F5C0-5970-4D09-BCFF-D6A57CDB041E}.Debug|x64.ActiveCfg = Debug|Any CPU
		{AC38F5C0-5970-4D09-BCFF-D6A57CDB041E}.Debug|x64.Build.0 = Debug|Any CPU
		{AC38F5C0-5970-4D09-BCFF-D6A57CDB041E}.Debug|x86.ActiveCfg = Debug|Any CPU
		{AC38F5C0-5970-4D09-BCFF-D6A57CDB041E}.Debug|x86.Build.0 = Debug|Any CPU
		{AC38F5C0-5970-4D09-BCFF-D6A57CDB041E}.Release|Any CPU.ActiveCfg = Release|Any CPU
		{AC38F5C0-5970-4D09-BCFF-D6A57CDB041E}.Release|Any CPU.Build.0 = Release|Any CPU
		{AC38F5C0-5970-4D09-BCFF-D6A57CDB041E}.Release|x64.ActiveCfg = Release|Any CPU
		{AC38F5C0-5970-4D09-BCFF-D6A57CDB041E}.Release|x64.Build.0 = Release|Any CPU
		{AC38F5C0-5970-4D09-BCFF-D6A57CDB041E}.Release|x86.ActiveCfg = Release|Any CPU
		{AC38F5C0-5970-4D09-BCFF-D6A57CDB041E}.Release|x86.Build.0 = Release|Any CPU
	EndGlobalSection
	GlobalSection(SolutionProperties) = preSolution
		HideSolutionNode = FALSE
	EndGlobalSection
	GlobalSection(ExtensibilityGlobals) = postSolution
		SolutionGuid = {09B70AEC-D541-4502-81AF-BB392665EB27}
	EndGlobalSection
EndGlobal
